
Microsoft Visual Studio Solution File, Format Version 12.00
# Visual Studio Version 17
VisualStudioVersion = 17.5.33502.453
MinimumVisualStudioVersion = 10.0.40219.1
Project("{9A19103F-16F7-4668-BE54-9A1E7A4F7556}") = "FirstAPI", "FirstAPI\FirstAPI.csproj", "{826B6B0A-7BE2-4618-AA99-EC5D15C83B13}"
EndProject
Project("{FAE04EC0-301F-11D3-BF4B-00C04F79EFBC}") = "ConsumeWebApi", "ConsumeWebApi\ConsumeWebApi.csproj", "{4CD346E4-A6AB-4871-AE5F-31CA5BFB339C}"
EndProject
Global
	GlobalSection(SolutionConfigurationPlatforms) = preSolution
		Debug|Any CPU = Debug|Any CPU
		Release|Any CPU = Release|Any CPU
	EndGlobalSection
	GlobalSection(ProjectConfigurationPlatforms) = postSolution
		{826B6B0A-7BE2-4618-AA99-EC5D15C83B13}.Debug|Any CPU.ActiveCfg = Debug|Any CPU
		{826B6B0A-7BE2-4618-AA99-EC5D15C83B13}.Debug|Any CPU.Build.0 = Debug|Any CPU
		{826B6B0A-7BE2-4618-AA99-EC5D15C83B13}.Release|Any CPU.ActiveCfg = Release|Any CPU
		{826B6B0A-7BE2-4618-AA99-EC5D15C83B13}.Release|Any CPU.Build.0 = Release|Any CPU
		{4CD346E4-A6AB-4871-AE5F-31CA5BFB339C}.Debug|Any CPU.ActiveCfg = Debug|Any CPU
		{4CD346E4-A6AB-4871-AE5F-31CA5BFB339C}.Debug|Any CPU.Build.0 = Debug|Any CPU
		{4CD346E4-A6AB-4871-AE5F-31CA5BFB339C}.Release|Any CPU.ActiveCfg = Release|Any CPU
		{4CD346E4-A6AB-4871-AE5F-31CA5BFB339C}.Release|Any CPU.Build.0 = Release|Any CPU
	EndGlobalSection
	GlobalSection(SolutionProperties) = preSolution
		HideSolutionNode = FALSE
	EndGlobalSection
	GlobalSection(ExtensibilityGlobals) = postSolution
		SolutionGuid = {6E2C745A-A78F-4222-BD76-061CB6543BA9}
	EndGlobalSection
EndGlobal
